// !$*UTF8*$!
{
	archiveVersion = 1;
	classes = {
	};
	objectVersion = 56;
	objects = {

/* Begin PBXBuildFile section */
		D950F77F299A4B6F00B72B4F /* NewsService.swift in Sources */ = {isa = PBXBuildFile; fileRef = D950F77E299A4B6F00B72B4F /* NewsService.swift */; };
		D950F782299A5B0600B72B4F /* TopStory.swift in Sources */ = {isa = PBXBuildFile; fileRef = D950F781299A5B0600B72B4F /* TopStory.swift */; };
		D9BA600F298BDEC9001041F3 /* AppDelegate.swift in Sources */ = {isa = PBXBuildFile; fileRef = D9BA600E298BDEC9001041F3 /* AppDelegate.swift */; };
		D9BA6013298BDEC9001041F3 /* ViewController.swift in Sources */ = {isa = PBXBuildFile; fileRef = D9BA6012298BDEC9001041F3 /* ViewController.swift */; };
		D9BA6018298BDECA001041F3 /* Assets.xcassets in Resources */ = {isa = PBXBuildFile; fileRef = D9BA6017298BDECA001041F3 /* Assets.xcassets */; };
		D9BA601B298BDECA001041F3 /* LaunchScreen.storyboard in Resources */ = {isa = PBXBuildFile; fileRef = D9BA6019298BDECA001041F3 /* LaunchScreen.storyboard */; };
		D9BA602B298BE0A8001041F3 /* RxCocoa in Frameworks */ = {isa = PBXBuildFile; productRef = D9BA602A298BE0A8001041F3 /* RxCocoa */; };
		D9BA602D298BE0A8001041F3 /* RxRelay in Frameworks */ = {isa = PBXBuildFile; productRef = D9BA602C298BE0A8001041F3 /* RxRelay */; };
		D9BA602F298BE0A8001041F3 /* RxSwift in Frameworks */ = {isa = PBXBuildFile; productRef = D9BA602E298BE0A8001041F3 /* RxSwift */; };
/* End PBXBuildFile section */

/* Begin PBXFileReference section */
		D950F77E299A4B6F00B72B4F /* NewsService.swift */ = {isa = PBXFileReference; lastKnownFileType = sourcecode.swift; path = NewsService.swift; sourceTree = "<group>"; };
		D950F781299A5B0600B72B4F /* TopStory.swift */ = {isa = PBXFileReference; lastKnownFileType = sourcecode.swift; path = TopStory.swift; sourceTree = "<group>"; };
		D9BA600B298BDEC9001041F3 /* NewsReader(UIKit+RxSwift+MVVM).app */ = {isa = PBXFileReference; explicitFileType = wrapper.application; includeInIndex = 0; path = "NewsReader(UIKit+RxSwift+MVVM).app"; sourceTree = BUILT_PRODUCTS_DIR; };
		D9BA600E298BDEC9001041F3 /* AppDelegate.swift */ = {isa = PBXFileReference; lastKnownFileType = sourcecode.swift; path = AppDelegate.swift; sourceTree = "<group>"; };
		D9BA6012298BDEC9001041F3 /* ViewController.swift */ = {isa = PBXFileReference; lastKnownFileType = sourcecode.swift; path = ViewController.swift; sourceTree = "<group>"; };
		D9BA6017298BDECA001041F3 /* Assets.xcassets */ = {isa = PBXFileReference; lastKnownFileType = folder.assetcatalog; path = Assets.xcassets; sourceTree = "<group>"; };
		D9BA601A298BDECA001041F3 /* Base */ = {isa = PBXFileReference; lastKnownFileType = file.storyboard; name = Base; path = Base.lproj/LaunchScreen.storyboard; sourceTree = "<group>"; };
		D9BA601C298BDECA001041F3 /* Info.plist */ = {isa = PBXFileReference; lastKnownFileType = text.plist.xml; path = Info.plist; sourceTree = "<group>"; };
/* End PBXFileReference section */

/* Begin PBXFrameworksBuildPhase section */
		D9BA6008298BDEC9001041F3 /* Frameworks */ = {
			isa = PBXFrameworksBuildPhase;
			buildActionMask = 2147483647;
			files = (
				D9BA602F298BE0A8001041F3 /* RxSwift in Frameworks */,
				D9BA602D298BE0A8001041F3 /* RxRelay in Frameworks */,
				D9BA602B298BE0A8001041F3 /* RxCocoa in Frameworks */,
			);
			runOnlyForDeploymentPostprocessing = 0;
		};
/* End PBXFrameworksBuildPhase section */

/* Begin PBXGroup section */
		D950F778299A47F200B72B4F /* Services */ = {
			isa = PBXGroup;
			children = (
				D950F77D299A4B5300B72B4F /* News */,
			);
			path = Services;
			sourceTree = "<group>";
		};
		D950F779299A482800B72B4F /* Scenes */ = {
			isa = PBXGroup;
			children = (
			);
			path = Scenes;
			sourceTree = "<group>";
		};
		D950F77A299A491B00B72B4F /* Helpers */ = {
			isa = PBXGroup;
			children = (
			);
			path = Helpers;
			sourceTree = "<group>";
		};
		D950F77B299A492600B72B4F /* Extensions */ = {
			isa = PBXGroup;
			children = (
			);
			path = Extensions;
			sourceTree = "<group>";
		};
		D950F77C299A494D00B72B4F /* Resources */ = {
			isa = PBXGroup;
			children = (
				D9BA6017298BDECA001041F3 /* Assets.xcassets */,
				D9BA6019298BDECA001041F3 /* LaunchScreen.storyboard */,
			);
			path = Resources;
			sourceTree = "<group>";
		};
		D950F77D299A4B5300B72B4F /* News */ = {
			isa = PBXGroup;
			children = (
				D950F77E299A4B6F00B72B4F /* NewsService.swift */,
			);
			path = News;
			sourceTree = "<group>";
		};
		D950F780299A5AE200B72B4F /* Entities */ = {
			isa = PBXGroup;
			children = (
				D950F781299A5B0600B72B4F /* TopStory.swift */,
			);
			path = Entities;
			sourceTree = "<group>";
		};
		D9BA6002298BDEC9001041F3 = {
			isa = PBXGroup;
			children = (
				D9BA600D298BDEC9001041F3 /* NewsReader(UIKit+RxSwift+MVVM) */,
				D9BA600C298BDEC9001041F3 /* Products */,
			);
			sourceTree = "<group>";
		};
		D9BA600C298BDEC9001041F3 /* Products */ = {
			isa = PBXGroup;
			children = (
				D9BA600B298BDEC9001041F3 /* NewsReader(UIKit+RxSwift+MVVM).app */,
			);
			name = Products;
			sourceTree = "<group>";
		};
		D9BA600D298BDEC9001041F3 /* NewsReader(UIKit+RxSwift+MVVM) */ = {
			isa = PBXGroup;
			children = (
				D9BA600E298BDEC9001041F3 /* AppDelegate.swift */,
				D9BA6012298BDEC9001041F3 /* ViewController.swift */,
				D950F780299A5AE200B72B4F /* Entities */,
				D950F77B299A492600B72B4F /* Extensions */,
				D950F77A299A491B00B72B4F /* Helpers */,
				D950F779299A482800B72B4F /* Scenes */,
				D950F778299A47F200B72B4F /* Services */,
				D950F77C299A494D00B72B4F /* Resources */,
				D9BA601C298BDECA001041F3 /* Info.plist */,
			);
			path = "NewsReader(UIKit+RxSwift+MVVM)";
			sourceTree = "<group>";
		};
/* End PBXGroup section */

/* Begin PBXNativeTarget section */
		D9BA600A298BDEC9001041F3 /* NewsReader(UIKit+RxSwift+MVVM) */ = {
			isa = PBXNativeTarget;
			buildConfigurationList = D9BA601F298BDECA001041F3 /* Build configuration list for PBXNativeTarget "NewsReader(UIKit+RxSwift+MVVM)" */;
			buildPhases = (
				D9BA6007298BDEC9001041F3 /* Sources */,
				D9BA6008298BDEC9001041F3 /* Frameworks */,
				D9BA6009298BDEC9001041F3 /* Resources */,
			);
			buildRules = (
			);
			dependencies = (
			);
			name = "NewsReader(UIKit+RxSwift+MVVM)";
			packageProductDependencies = (
				D9BA602A298BE0A8001041F3 /* RxCocoa */,
				D9BA602C298BE0A8001041F3 /* RxRelay */,
				D9BA602E298BE0A8001041F3 /* RxSwift */,
			);
			productName = "NewsReader(UIKit+RxSwift+MVVM)";
			productReference = D9BA600B298BDEC9001041F3 /* NewsReader(UIKit+RxSwift+MVVM).app */;
			productType = "com.apple.product-type.application";
		};
/* End PBXNativeTarget section */

/* Begin PBXProject section */
		D9BA6003298BDEC9001041F3 /* Project object */ = {
			isa = PBXProject;
			attributes = {
				BuildIndependentTargetsInParallel = 1;
				LastSwiftUpdateCheck = 1420;
				LastUpgradeCheck = 1420;
				TargetAttributes = {
					D9BA600A298BDEC9001041F3 = {
						CreatedOnToolsVersion = 14.2;
					};
				};
			};
			buildConfigurationList = D9BA6006298BDEC9001041F3 /* Build configuration list for PBXProject "NewsReader(UIKit+RxSwift+MVVM)" */;
			compatibilityVersion = "Xcode 14.0";
			developmentRegion = en;
			hasScannedForEncodings = 0;
			knownRegions = (
				en,
				Base,
			);
			mainGroup = D9BA6002298BDEC9001041F3;
			packageReferences = (
				D9BA6029298BE0A8001041F3 /* XCRemoteSwiftPackageReference "RxSwift" */,
			);
			productRefGroup = D9BA600C298BDEC9001041F3 /* Products */;
			projectDirPath = "";
			projectRoot = "";
			targets = (
				D9BA600A298BDEC9001041F3 /* NewsReader(UIKit+RxSwift+MVVM) */,
			);
		};
/* End PBXProject section */

/* Begin PBXResourcesBuildPhase section */
		D9BA6009298BDEC9001041F3 /* Resources */ = {
			isa = PBXResourcesBuildPhase;
			buildActionMask = 2147483647;
			files = (
				D9BA601B298BDECA001041F3 /* LaunchScreen.storyboard in Resources */,
				D9BA6018298BDECA001041F3 /* Assets.xcassets in Resources */,
			);
			runOnlyForDeploymentPostprocessing = 0;
		};
/* End PBXResourcesBuildPhase section */

/* Begin PBXSourcesBuildPhase section */
		D9BA6007298BDEC9001041F3 /* Sources */ = {
			isa = PBXSourcesBuildPhase;
			buildActionMask = 2147483647;
			files = (
				D950F782299A5B0600B72B4F /* TopStory.swift in Sources */,
				D9BA6013298BDEC9001041F3 /* ViewController.swift in Sources */,
				D9BA600F298BDEC9001041F3 /* AppDelegate.swift in Sources */,
				D950F77F299A4B6F00B72B4F /* NewsService.swift in Sources */,
			);
			runOnlyForDeploymentPostprocessing = 0;
		};
/* End PBXSourcesBuildPhase section */

/* Begin PBXVariantGroup section */
		D9BA6019298BDECA001041F3 /* LaunchScreen.storyboard */ = {
			isa = PBXVariantGroup;
			children = (
				D9BA601A298BDECA001041F3 /* Base */,
			);
			name = LaunchScreen.storyboard;
			sourceTree = "<group>";
		};
/* End PBXVariantGroup section */

/* Begin XCBuildConfiguration section */
		D9BA601D298BDECA001041F3 /* Debug */ = {
			isa = XCBuildConfiguration;
			buildSettings = {
				ALWAYS_SEARCH_USER_PATHS = NO;
				CLANG_ANALYZER_NONNULL = YES;
				CLANG_ANALYZER_NUMBER_OBJECT_CONVERSION = YES_AGGRESSIVE;
				CLANG_CXX_LANGUAGE_STANDARD = "gnu++20";
				CLANG_ENABLE_MODULES = YES;
				CLANG_ENABLE_OBJC_ARC = YES;
				CLANG_ENABLE_OBJC_WEAK = YES;
				CLANG_WARN_BLOCK_CAPTURE_AUTORELEASING = YES;
				CLANG_WARN_BOOL_CONVERSION = YES;
				CLANG_WARN_COMMA = YES;
				CLANG_WARN_CONSTANT_CONVERSION = YES;
				CLANG_WARN_DEPRECATED_OBJC_IMPLEMENTATIONS = YES;
				CLANG_WARN_DIRECT_OBJC_ISA_USAGE = YES_ERROR;
				CLANG_WARN_DOCUMENTATION_COMMENTS = YES;
				CLANG_WARN_EMPTY_BODY = YES;
				CLANG_WARN_ENUM_CONVERSION = YES;
				CLANG_WARN_INFINITE_RECURSION = YES;
				CLANG_WARN_INT_CONVERSION = YES;
				CLANG_WARN_NON_LITERAL_NULL_CONVERSION = YES;
				CLANG_WARN_OBJC_IMPLICIT_RETAIN_SELF = YES;
				CLANG_WARN_OBJC_LITERAL_CONVERSION = YES;
				CLANG_WARN_OBJC_ROOT_CLASS = YES_ERROR;
				CLANG_WARN_QUOTED_INCLUDE_IN_FRAMEWORK_HEADER = YES;
				CLANG_WARN_RANGE_LOOP_ANALYSIS = YES;
				CLANG_WARN_STRICT_PROTOTYPES = YES;
				CLANG_WARN_SUSPICIOUS_MOVE = YES;
				CLANG_WARN_UNGUARDED_AVAILABILITY = YES_AGGRESSIVE;
				CLANG_WARN_UNREACHABLE_CODE = YES;
				CLANG_WARN__DUPLICATE_METHOD_MATCH = YES;
				COPY_PHASE_STRIP = NO;
				DEBUG_INFORMATION_FORMAT = dwarf;
				ENABLE_STRICT_OBJC_MSGSEND = YES;
				ENABLE_TESTABILITY = YES;
				GCC_C_LANGUAGE_STANDARD = gnu11;
				GCC_DYNAMIC_NO_PIC = NO;
				GCC_NO_COMMON_BLOCKS = YES;
				GCC_OPTIMIZATION_LEVEL = 0;
				GCC_PREPROCESSOR_DEFINITIONS = (
					"DEBUG=1",
					"$(inherited)",
				);
				GCC_WARN_64_TO_32_BIT_CONVERSION = YES;
				GCC_WARN_ABOUT_RETURN_TYPE = YES_ERROR;
				GCC_WARN_UNDECLARED_SELECTOR = YES;
				GCC_WARN_UNINITIALIZED_AUTOS = YES_AGGRESSIVE;
				GCC_WARN_UNUSED_FUNCTION = YES;
				GCC_WARN_UNUSED_VARIABLE = YES;
				IPHONEOS_DEPLOYMENT_TARGET = 16.2;
				MTL_ENABLE_DEBUG_INFO = INCLUDE_SOURCE;
				MTL_FAST_MATH = YES;
				ONLY_ACTIVE_ARCH = YES;
				SDKROOT = iphoneos;
				SWIFT_ACTIVE_COMPILATION_CONDITIONS = DEBUG;
				SWIFT_OPTIMIZATION_LEVEL = "-Onone";
			};
			name = Debug;
		};
		D9BA601E298BDECA001041F3 /* Release */ = {
			isa = XCBuildConfiguration;
			buildSettings = {
				ALWAYS_SEARCH_USER_PATHS = NO;
				CLANG_ANALYZER_NONNULL = YES;
				CLANG_ANALYZER_NUMBER_OBJECT_CONVERSION = YES_AGGRESSIVE;
				CLANG_CXX_LANGUAGE_STANDARD = "gnu++20";
				CLANG_ENABLE_MODULES = YES;
				CLANG_ENABLE_OBJC_ARC = YES;
				CLANG_ENABLE_OBJC_WEAK = YES;
				CLANG_WARN_BLOCK_CAPTURE_AUTORELEASING = YES;
				CLANG_WARN_BOOL_CONVERSION = YES;
				CLANG_WARN_COMMA = YES;
				CLANG_WARN_CONSTANT_CONVERSION = YES;
				CLANG_WARN_DEPRECATED_OBJC_IMPLEMENTATIONS = YES;
				CLANG_WARN_DIRECT_OBJC_ISA_USAGE = YES_ERROR;
				CLANG_WARN_DOCUMENTATION_COMMENTS = YES;
				CLANG_WARN_EMPTY_BODY = YES;
				CLANG_WARN_ENUM_CONVERSION = YES;
				CLANG_WARN_INFINITE_RECURSION = YES;
				CLANG_WARN_INT_CONVERSION = YES;
				CLANG_WARN_NON_LITERAL_NULL_CONVERSION = YES;
				CLANG_WARN_OBJC_IMPLICIT_RETAIN_SELF = YES;
				CLANG_WARN_OBJC_LITERAL_CONVERSION = YES;
				CLANG_WARN_OBJC_ROOT_CLASS = YES_ERROR;
				CLANG_WARN_QUOTED_INCLUDE_IN_FRAMEWORK_HEADER = YES;
				CLANG_WARN_RANGE_LOOP_ANALYSIS = YES;
				CLANG_WARN_STRICT_PROTOTYPES = YES;
				CLANG_WARN_SUSPICIOUS_MOVE = YES;
				CLANG_WARN_UNGUARDED_AVAILABILITY = YES_AGGRESSIVE;
				CLANG_WARN_UNREACHABLE_CODE = YES;
				CLANG_WARN__DUPLICATE_METHOD_MATCH = YES;
				COPY_PHASE_STRIP = NO;
				DEBUG_INFORMATION_FORMAT = "dwarf-with-dsym";
				ENABLE_NS_ASSERTIONS = NO;
				ENABLE_STRICT_OBJC_MSGSEND = YES;
				GCC_C_LANGUAGE_STANDARD = gnu11;
				GCC_NO_COMMON_BLOCKS = YES;
				GCC_WARN_64_TO_32_BIT_CONVERSION = YES;
				GCC_WARN_ABOUT_RETURN_TYPE = YES_ERROR;
				GCC_WARN_UNDECLARED_SELECTOR = YES;
				GCC_WARN_UNINITIALIZED_AUTOS = YES_AGGRESSIVE;
				GCC_WARN_UNUSED_FUNCTION = YES;
				GCC_WARN_UNUSED_VARIABLE = YES;
				IPHONEOS_DEPLOYMENT_TARGET = 16.2;
				MTL_ENABLE_DEBUG_INFO = NO;
				MTL_FAST_MATH = YES;
				SDKROOT = iphoneos;
				SWIFT_COMPILATION_MODE = wholemodule;
				SWIFT_OPTIMIZATION_LEVEL = "-O";
				VALIDATE_PRODUCT = YES;
			};
			name = Release;
		};
		D9BA6020298BDECA001041F3 /* Debug */ = {
			isa = XCBuildConfiguration;
			buildSettings = {
				ASSETCATALOG_COMPILER_APPICON_NAME = AppIcon;
				ASSETCATALOG_COMPILER_GLOBAL_ACCENT_COLOR_NAME = AccentColor;
				CODE_SIGN_STYLE = Automatic;
				CURRENT_PROJECT_VERSION = 1;
				DEVELOPMENT_TEAM = 76N9URDUCT;
				GENERATE_INFOPLIST_FILE = YES;
				INFOPLIST_FILE = "NewsReader(UIKit+RxSwift+MVVM)/Info.plist";
				INFOPLIST_KEY_UIApplicationSupportsIndirectInputEvents = YES;
				INFOPLIST_KEY_UILaunchStoryboardName = LaunchScreen;
				INFOPLIST_KEY_UIMainStoryboardFile = "";
				INFOPLIST_KEY_UISupportedInterfaceOrientations_iPad = "UIInterfaceOrientationPortrait UIInterfaceOrientationPortraitUpsideDown UIInterfaceOrientationLandscapeLeft UIInterfaceOrientationLandscapeRight";
				INFOPLIST_KEY_UISupportedInterfaceOrientations_iPhone = "UIInterfaceOrientationPortrait UIInterfaceOrientationLandscapeLeft UIInterfaceOrientationLandscapeRight";
				LD_RUNPATH_SEARCH_PATHS = (
					"$(inherited)",
					"@executable_path/Frameworks",
				);
				MARKETING_VERSION = 1.0;
				PRODUCT_BUNDLE_IDENTIFIER = "ArtemGalay.NewsReader-UIKit-RxSwift-MVVM-";
				PRODUCT_NAME = "$(TARGET_NAME)";
				SWIFT_EMIT_LOC_STRINGS = YES;
				SWIFT_VERSION = 5.0;
				TARGETED_DEVICE_FAMILY = "1,2";
			};
			name = Debug;
		};
		D9BA6021298BDECA001041F3 /* Release */ = {
			isa = XCBuildConfiguration;
			buildSettings = {
				ASSETCATALOG_COMPILER_APPICON_NAME = AppIcon;
				ASSETCATALOG_COMPILER_GLOBAL_ACCENT_COLOR_NAME = AccentColor;
				CODE_SIGN_STYLE = Automatic;
				CURRENT_PROJECT_VERSION = 1;
				DEVELOPMENT_TEAM = 76N9URDUCT;
				GENERATE_INFOPLIST_FILE = YES;
				INFOPLIST_FILE = "NewsReader(UIKit+RxSwift+MVVM)/Info.plist";
				INFOPLIST_KEY_UIApplicationSupportsIndirectInputEvents = YES;
				INFOPLIST_KEY_UILaunchStoryboardName = LaunchScreen;
				INFOPLIST_KEY_UIMainStoryboardFile = "";
				INFOPLIST_KEY_UISupportedInterfaceOrientations_iPad = "UIInterfaceOrientationPortrait UIInterfaceOrientationPortraitUpsideDown UIInterfaceOrientationLandscapeLeft UIInterfaceOrientationLandscapeRight";
				INFOPLIST_KEY_UISupportedInterfaceOrientations_iPhone = "UIInterfaceOrientationPortrait UIInterfaceOrientationLandscapeLeft UIInterfaceOrientationLandscapeRight";
				LD_RUNPATH_SEARCH_PATHS = (
					"$(inherited)",
					"@executable_path/Frameworks",
				);
				MARKETING_VERSION = 1.0;
				PRODUCT_BUNDLE_IDENTIFIER = "ArtemGalay.NewsReader-UIKit-RxSwift-MVVM-";
				PRODUCT_NAME = "$(TARGET_NAME)";
				SWIFT_EMIT_LOC_STRINGS = YES;
				SWIFT_VERSION = 5.0;
				TARGETED_DEVICE_FAMILY = "1,2";
			};
			name = Release;
		};
/* End XCBuildConfiguration section */

/* Begin XCConfigurationList section */
		D9BA6006298BDEC9001041F3 /* Build configuration list for PBXProject "NewsReader(UIKit+RxSwift+MVVM)" */ = {
			isa = XCConfigurationList;
			buildConfigurations = (
				D9BA601D298BDECA001041F3 /* Debug */,
				D9BA601E298BDECA001041F3 /* Release */,
			);
			defaultConfigurationIsVisible = 0;
			defaultConfigurationName = Release;
		};
		D9BA601F298BDECA001041F3 /* Build configuration list for PBXNativeTarget "NewsReader(UIKit+RxSwift+MVVM)" */ = {
			isa = XCConfigurationList;
			buildConfigurations = (
				D9BA6020298BDECA001041F3 /* Debug */,
				D9BA6021298BDECA001041F3 /* Release */,
			);
			defaultConfigurationIsVisible = 0;
			defaultConfigurationName = Release;
		};
/* End XCConfigurationList section */

/* Begin XCRemoteSwiftPackageReference section */
		D9BA6029298BE0A8001041F3 /* XCRemoteSwiftPackageReference "RxSwift" */ = {
			isa = XCRemoteSwiftPackageReference;
			repositoryURL = "https://github.com/ReactiveX/RxSwift.git";
			requirement = {
				kind = upToNextMajorVersion;
				minimumVersion = 6.0.0;
			};
		};
/* End XCRemoteSwiftPackageReference section */

/* Begin XCSwiftPackageProductDependency section */
		D9BA602A298BE0A8001041F3 /* RxCocoa */ = {
			isa = XCSwiftPackageProductDependency;
			package = D9BA6029298BE0A8001041F3 /* XCRemoteSwiftPackageReference "RxSwift" */;
			productName = RxCocoa;
		};
		D9BA602C298BE0A8001041F3 /* RxRelay */ = {
			isa = XCSwiftPackageProductDependency;
			package = D9BA6029298BE0A8001041F3 /* XCRemoteSwiftPackageReference "RxSwift" */;
			productName = RxRelay;
		};
		D9BA602E298BE0A8001041F3 /* RxSwift */ = {
			isa = XCSwiftPackageProductDependency;
			package = D9BA6029298BE0A8001041F3 /* XCRemoteSwiftPackageReference "RxSwift" */;
			productName = RxSwift;
		};
/* End XCSwiftPackageProductDependency section */
	};
	rootObject = D9BA6003298BDEC9001041F3 /* Project object */;
}
